github.com/leanovate/gopter v0.2.4 h1:U4YLBggDFhJdqQsG4Na2zX7joVTky9vHaj/AGEwSuXU=
github.com/leanovate/gopter v0.2.4/go.mod h1:gNcbPWNEWRe4lm+bycKqxUYoH5uoVje5SkOJ3uoLer8=
golang.org/x/xerrors v0.0.0-20190513163551-3ee3066db522 h1:bhOzK9QyoD0ogCnFro1m2mz41+Ib0oOhfJnBp5MR4K4=
golang.org/x/xerrors v0.0.0-20190513163551-3ee3066db522/go.mod h1:I/5z698sn9Ka8TeJc9MKroUUfqBBauWjQqLJ2OPfmY0=
